
Microsoft Visual Studio Solution File, Format Version 12.00
# Visual Studio 15
VisualStudioVersion = 15.0.28010.2050
MinimumVisualStudioVersion = 10.0.40219.1
Project("{FAE04EC0-301F-11D3-BF4B-00C04F79EFBC}") = "Empresa.Models", "Empresa.Models\Empresa.Models.csproj", "{C03DC175-326D-40EA-B433-C675FF4C9D8E}"
EndProject
Project("{FAE04EC0-301F-11D3-BF4B-00C04F79EFBC}") = "Empresa.UI.Windows", "Empresa.UI.Windows\Empresa.UI.Windows.csproj", "{A603D686-F841-40E2-9266-29F139C0D1C7}"
EndProject
Project("{FAE04EC0-301F-11D3-BF4B-00C04F79EFBC}") = "Empresa.Db", "Empresa.Db\Empresa.Db.csproj", "{C1AC38E1-6D01-4806-8164-019BCEF08045}"
EndProject
Global
	GlobalSection(SolutionConfigurationPlatforms) = preSolution
		Debug|Any CPU = Debug|Any CPU
		Release|Any CPU = Release|Any CPU
	EndGlobalSection
	GlobalSection(ProjectConfigurationPlatforms) = postSolution
		{C03DC175-326D-40EA-B433-C675FF4C9D8E}.Debug|Any CPU.ActiveCfg = Debug|Any CPU
		{C03DC175-326D-40EA-B433-C675FF4C9D8E}.Debug|Any CPU.Build.0 = Debug|Any CPU
		{C03DC175-326D-40EA-B433-C675FF4C9D8E}.Release|Any CPU.ActiveCfg = Release|Any CPU
		{C03DC175-326D-40EA-B433-C675FF4C9D8E}.Release|Any CPU.Build.0 = Release|Any CPU
		{A603D686-F841-40E2-9266-29F139C0D1C7}.Debug|Any CPU.ActiveCfg = Debug|Any CPU
		{A603D686-F841-40E2-9266-29F139C0D1C7}.Debug|Any CPU.Build.0 = Debug|Any CPU
		{A603D686-F841-40E2-9266-29F139C0D1C7}.Release|Any CPU.ActiveCfg = Release|Any CPU
		{A603D686-F841-40E2-9266-29F139C0D1C7}.Release|Any CPU.Build.0 = Release|Any CPU
		{C1AC38E1-6D01-4806-8164-019BCEF08045}.Debug|Any CPU.ActiveCfg = Debug|Any CPU
		{C1AC38E1-6D01-4806-8164-019BCEF08045}.Debug|Any CPU.Build.0 = Debug|Any CPU
		{C1AC38E1-6D01-4806-8164-019BCEF08045}.Release|Any CPU.ActiveCfg = Release|Any CPU
		{C1AC38E1-6D01-4806-8164-019BCEF08045}.Release|Any CPU.Build.0 = Release|Any CPU
	EndGlobalSection
	GlobalSection(SolutionProperties) = preSolution
		HideSolutionNode = FALSE
	EndGlobalSection
	GlobalSection(ExtensibilityGlobals) = postSolution
		SolutionGuid = {295AC364-DECF-4F8A-81C3-4209223E75A0}
	EndGlobalSection
EndGlobal
